<?xml version="1.0" encoding="utf-8"?>
<Project ToolsVersion="4.0" xmlns="http://schemas.microsoft.com/developer/msbuild/2003">
  <ItemGroup>
    <ClCompile Include="Libraries\MathGeoLib\include\Geometry\AABB.cpp">
      <Filter>Other</Filter>
    </ClCompile>
    <ClCompile Include="Libraries\MathGeoLib\include\Math\BitOps.cpp">
      <Filter>Other</Filter>
    </ClCompile>
    <ClCompile Include="Source\Camera.cpp">
      <Filter>Other</Filter>
    </ClCompile>
    <ClCompile Include="Libraries\MathGeoLib\include\Geometry\Capsule.cpp">
      <Filter>Other</Filter>
    </ClCompile>
    <ClCompile Include="Libraries\MathGeoLib\include\Geometry\Circle.cpp">
      <Filter>Other</Filter>
    </ClCompile>
    <ClCompile Include="Libraries\MathGeoLib\include\Time\Clock.cpp">
      <Filter>Other</Filter>
    </ClCompile>
    <ClCompile Include="Libraries\MathGeoLib\include\Geometry\Cone.cpp">
      <Filter>Other</Filter>
    </ClCompile>
    <ClCompile Include="Libraries\MathGeoLib\include\Geometry\Cylinder.cpp">
      <Filter>Other</Filter>
    </ClCompile>
    <ClCompile Include="Libraries\MathGeoLib\include\Math\float2.cpp">
      <Filter>Other</Filter>
    </ClCompile>
    <ClCompile Include="Libraries\MathGeoLib\include\Math\float3.cpp">
      <Filter>Other</Filter>
    </ClCompile>
    <ClCompile Include="Libraries\MathGeoLib\include\Math\float3x3.cpp">
      <Filter>Other</Filter>
    </ClCompile>
    <ClCompile Include="Libraries\MathGeoLib\include\Math\float3x4.cpp">
      <Filter>Other</Filter>
    </ClCompile>
    <ClCompile Include="Libraries\MathGeoLib\include\Math\float4.cpp">
      <Filter>Other</Filter>
    </ClCompile>
    <ClCompile Include="Libraries\MathGeoLib\include\Math\float4x4.cpp">
      <Filter>Other</Filter>
    </ClCompile>
    <ClCompile Include="Libraries\MathGeoLib\include\Geometry\Frustum.cpp">
      <Filter>Other</Filter>
    </ClCompile>
    <ClCompile Include="Libraries\Imgui\imgui.cpp">
      <Filter>Other</Filter>
    </ClCompile>
    <ClCompile Include="Libraries\Imgui\imgui_demo.cpp">
      <Filter>Other</Filter>
    </ClCompile>
    <ClCompile Include="Libraries\Imgui\imgui_draw.cpp">
      <Filter>Other</Filter>
    </ClCompile>
    <ClCompile Include="Libraries\Imgui\imgui_impl_opengl3.cpp">
      <Filter>Other</Filter>
    </ClCompile>
    <ClCompile Include="Libraries\Imgui\imgui_impl_sdl.cpp">
      <Filter>Other</Filter>
    </ClCompile>
    <ClCompile Include="Libraries\Imgui\imgui_widgets.cpp">
      <Filter>Other</Filter>
    </ClCompile>
    <ClCompile Include="Libraries\MathGeoLib\include\Algorithm\Random\LCG.cpp">
      <Filter>Other</Filter>
    </ClCompile>
    <ClCompile Include="Libraries\MathGeoLib\include\Geometry\Line.cpp">
      <Filter>Other</Filter>
    </ClCompile>
    <ClCompile Include="Libraries\MathGeoLib\include\Geometry\LineSegment.cpp">
      <Filter>Other</Filter>
    </ClCompile>
    <ClCompile Include="Source\log.cpp">
      <Filter>Other</Filter>
    </ClCompile>
    <ClCompile Include="Libraries\MathGeoLib\include\Math\MathFunc.cpp">
      <Filter>Other</Filter>
    </ClCompile>
    <ClCompile Include="Libraries\MathGeoLib\include\Math\MathLog.cpp">
      <Filter>Other</Filter>
    </ClCompile>
    <ClCompile Include="Libraries\MathGeoLib\include\Math\MathOps.cpp">
      <Filter>Other</Filter>
    </ClCompile>
    <ClCompile Include="Libraries\MathGeoLib\include\Geometry\OBB.cpp">
      <Filter>Other</Filter>
    </ClCompile>
    <ClCompile Include="Libraries\MathGeoLib\include\Geometry\Plane.cpp">
      <Filter>Other</Filter>
    </ClCompile>
    <ClCompile Include="Libraries\MathGeoLib\include\Geometry\Polygon.cpp">
      <Filter>Other</Filter>
    </ClCompile>
    <ClCompile Include="Libraries\MathGeoLib\include\Geometry\Polyhedron.cpp">
      <Filter>Other</Filter>
    </ClCompile>
    <ClCompile Include="Libraries\MathGeoLib\include\Math\Polynomial.cpp">
      <Filter>Other</Filter>
    </ClCompile>
    <ClCompile Include="Libraries\MathGeoLib\include\Math\Quat.cpp">
      <Filter>Other</Filter>
    </ClCompile>
    <ClCompile Include="Libraries\MathGeoLib\include\Geometry\Ray.cpp">
      <Filter>Other</Filter>
    </ClCompile>
    <ClCompile Include="Source\Skybox.cpp">
      <Filter>Other</Filter>
    </ClCompile>
    <ClCompile Include="Libraries\MathGeoLib\include\Geometry\Sphere.cpp">
      <Filter>Other</Filter>
    </ClCompile>
    <ClCompile Include="Libraries\MathGeoLib\include\Math\SSEMath.cpp">
      <Filter>Other</Filter>
    </ClCompile>
    <ClCompile Include="Libraries\MathGeoLib\include\Math\TransformOps.cpp">
      <Filter>Other</Filter>
    </ClCompile>
    <ClCompile Include="Libraries\MathGeoLib\include\Geometry\Triangle.cpp">
      <Filter>Other</Filter>
    </ClCompile>
    <ClCompile Include="Libraries\MathGeoLib\include\Geometry\TriangleMesh.cpp">
      <Filter>Other</Filter>
    </ClCompile>
    <ClCompile Include="Source\Application.cpp">
      <Filter>Main</Filter>
    </ClCompile>
    <ClCompile Include="Source\Component.cpp">
      <Filter>Main</Filter>
    </ClCompile>
    <ClCompile Include="Source\ComponentMaterial.cpp">
      <Filter>Main</Filter>
    </ClCompile>
    <ClCompile Include="Source\ComponentMesh.cpp">
      <Filter>Main</Filter>
    </ClCompile>
    <ClCompile Include="Source\ComponentTransform.cpp">
      <Filter>Main</Filter>
    </ClCompile>
    <ClCompile Include="Source\Main.cpp">
      <Filter>Main</Filter>
    </ClCompile>
    <ClCompile Include="Libraries\optick\optick_core.cpp">
      <Filter>Other</Filter>
    </ClCompile>
    <ClCompile Include="Libraries\optick\optick_gpu.cpp">
      <Filter>Other</Filter>
    </ClCompile>
    <ClCompile Include="Libraries\optick\optick_message.cpp">
      <Filter>Other</Filter>
    </ClCompile>
    <ClCompile Include="Libraries\optick\optick_miniz.cpp">
      <Filter>Other</Filter>
    </ClCompile>
    <ClCompile Include="Libraries\optick\optick_serialization.cpp">
      <Filter>Other</Filter>
    </ClCompile>
    <ClCompile Include="Libraries\optick\optick_server.cpp">
      <Filter>Other</Filter>
    </ClCompile>
    <ClCompile Include="Source\ModuleCamera.cpp">
      <Filter>Main</Filter>
    </ClCompile>
    <ClCompile Include="Source\ModuleDebugDraw.cpp">
      <Filter>Main</Filter>
    </ClCompile>
    <ClCompile Include="Source\ModuleGUI.cpp">
      <Filter>Main</Filter>
    </ClCompile>
    <ClCompile Include="Source\ModuleInput.cpp">
      <Filter>Main</Filter>
    </ClCompile>
    <ClCompile Include="Source\ModuleModelLoader.cpp">
      <Filter>Main</Filter>
    </ClCompile>
    <ClCompile Include="Source\ModuleRender.cpp">
      <Filter>Main</Filter>
    </ClCompile>
    <ClCompile Include="Source\ModuleScene.cpp">
      <Filter>Main</Filter>
    </ClCompile>
    <ClCompile Include="Source\ModuleShader.cpp">
      <Filter>Main</Filter>
    </ClCompile>
    <ClCompile Include="Source\ModuleTexture.cpp">
      <Filter>Main</Filter>
    </ClCompile>
    <ClCompile Include="Source\ModuleWindow.cpp">
      <Filter>Main</Filter>
    </ClCompile>
    <ClCompile Include="Source\Mesh.cpp">
      <Filter>Main</Filter>
    </ClCompile>
    <ClCompile Include="Source\Model.cpp">
      <Filter>Main</Filter>
    </ClCompile>
    <ClCompile Include="Source\GameObject.cpp">
      <Filter>Main</Filter>
    </ClCompile>
    <ClCompile Include="Libraries\pcg\pcg_basic.c">
      <Filter>Other</Filter>
    </ClCompile>
    <ClCompile Include="Libraries\pcg\pcg32-demo.c">
      <Filter>Other</Filter>
    </ClCompile>
    <ClCompile Include="Libraries\pcg\pcg32-global-demo.c">
      <Filter>Other</Filter>
    </ClCompile>
    <ClCompile Include="Libraries\pcg\pcg32x2-demo.c">
      <Filter>Other</Filter>
    </ClCompile>
  </ItemGroup>
  <ItemGroup>
    <ClInclude Include="Libraries\Assimp\include\assimp\aabb.h">
      <Filter>Other</Filter>
    </ClInclude>
    <ClInclude Include="Libraries\MathGeoLib\include\Geometry\AABB.h">
      <Filter>Other</Filter>
    </ClInclude>
    <ClInclude Include="Libraries\MathGeoLib\include\Geometry\AABB2D.h">
      <Filter>Other</Filter>
    </ClInclude>
    <ClInclude Include="Libraries\Assimp\include\assimp\ai_assert.h">
      <Filter>Other</Filter>
    </ClInclude>
    <ClInclude Include="Libraries\Assimp\include\assimp\port\AndroidJNI\AndroidJNIIOSystem.h">
      <Filter>Other</Filter>
    </ClInclude>
    <ClInclude Include="Libraries\Assimp\include\assimp\anim.h">
      <Filter>Other</Filter>
    </ClInclude>
    <ClInclude Include="Libraries\MathGeoLib\include\Math\assume.h">
      <Filter>Other</Filter>
    </ClInclude>
    <ClInclude Include="Libraries\Assimp\include\assimp\BaseImporter.h">
      <Filter>Other</Filter>
    </ClInclude>
    <ClInclude Include="Libraries\Assimp\include\assimp\Bitmap.h">
      <Filter>Other</Filter>
    </ClInclude>
    <ClInclude Include="Libraries\MathGeoLib\include\Math\BitOps.h">
      <Filter>Other</Filter>
    </ClInclude>
    <ClInclude Include="Libraries\Assimp\include\assimp\BlobIOSystem.h">
      <Filter>Other</Filter>
    </ClInclude>
    <ClInclude Include="Libraries\Assimp\include\assimp\ByteSwapper.h">
      <Filter>Other</Filter>
    </ClInclude>
    <ClInclude Include="Libraries\Assimp\include\assimp\camera.h">
      <Filter>Other</Filter>
    </ClInclude>
    <ClInclude Include="Source\Camera.h">
      <Filter>Other</Filter>
    </ClInclude>
    <ClInclude Include="Libraries\MathGeoLib\include\Geometry\Capsule.h">
      <Filter>Other</Filter>
    </ClInclude>
    <ClInclude Include="Libraries\Assimp\include\assimp\cexport.h">
      <Filter>Other</Filter>
    </ClInclude>
    <ClInclude Include="Libraries\Assimp\include\assimp\cfileio.h">
      <Filter>Other</Filter>
    </ClInclude>
    <ClInclude Include="Libraries\Assimp\include\assimp\cimport.h">
      <Filter>Other</Filter>
    </ClInclude>
    <ClInclude Include="Libraries\MathGeoLib\include\Geometry\Circle.h">
      <Filter>Other</Filter>
    </ClInclude>
    <ClInclude Include="Libraries\MathGeoLib\include\Time\Clock.h">
      <Filter>Other</Filter>
    </ClInclude>
    <ClInclude Include="Libraries\Assimp\include\assimp\color4.h">
      <Filter>Other</Filter>
    </ClInclude>
    <ClInclude Include="Libraries\MathGeoLib\include\Math\Complex.h">
      <Filter>Other</Filter>
    </ClInclude>
    <ClInclude Include="Libraries\MathGeoLib\include\Geometry\Cone.h">
      <Filter>Other</Filter>
    </ClInclude>
    <ClInclude Include="Libraries\Assimp\include\assimp\config.h">
      <Filter>Other</Filter>
    </ClInclude>
    <ClInclude Include="Libraries\MathGeoLib\include\Math\CoordinateAxisConvention.h">
      <Filter>Other</Filter>
    </ClInclude>
    <ClInclude Include="Libraries\Assimp\include\assimp\CreateAnimMesh.h">
      <Filter>Other</Filter>
    </ClInclude>
    <ClInclude Include="Libraries\MathGeoLib\include\Geometry\Cylinder.h">
      <Filter>Other</Filter>
    </ClInclude>
    <ClInclude Include="Libraries\Util\debug_draw.hpp">
      <Filter>Other</Filter>
    </ClInclude>
    <ClInclude Include="Source\debugdraw.h">
      <Filter>Other</Filter>
    </ClInclude>
    <ClInclude Include="Libraries\Assimp\include\assimp\DefaultIOStream.h">
      <Filter>Other</Filter>
    </ClInclude>
    <ClInclude Include="Libraries\Assimp\include\assimp\DefaultIOSystem.h">
      <Filter>Other</Filter>
    </ClInclude>
    <ClInclude Include="Libraries\Assimp\include\assimp\DefaultLogger.hpp">
      <Filter>Other</Filter>
    </ClInclude>
    <ClInclude Include="Libraries\Assimp\include\assimp\Defines.h">
      <Filter>Other</Filter>
    </ClInclude>
    <ClInclude Include="Libraries\Assimp\include\assimp\defs.h">
      <Filter>Other</Filter>
    </ClInclude>
    <ClInclude Include="Libraries\DevIL\include\IL\devil_cpp_wrapper.hpp">
      <Filter>Other</Filter>
    </ClInclude>
    <ClInclude Include="Libraries\DevIL\include\IL\devil_internal_exports.h">
      <Filter>Other</Filter>
    </ClInclude>
    <ClInclude Include="Libraries\Assimp\include\assimp\Exceptional.h">
      <Filter>Other</Filter>
    </ClInclude>
    <ClInclude Include="Libraries\Assimp\include\assimp\Exporter.hpp">
      <Filter>Other</Filter>
    </ClInclude>
    <ClInclude Include="Libraries\Assimp\include\assimp\fast_atof.h">
      <Filter>Other</Filter>
    </ClInclude>
    <ClInclude Include="Libraries\MathGeoLib\include\Math\FixedPoint.h">
      <Filter>Other</Filter>
    </ClInclude>
    <ClInclude Include="Libraries\MathGeoLib\include\Math\float2.h">
      <Filter>Other</Filter>
    </ClInclude>
    <ClInclude Include="Libraries\MathGeoLib\include\Math\float3.h">
      <Filter>Other</Filter>
    </ClInclude>
    <ClInclude Include="Libraries\MathGeoLib\include\Math\float3x3.h">
      <Filter>Other</Filter>
    </ClInclude>
    <ClInclude Include="Libraries\MathGeoLib\include\Math\float3x4.h">
      <Filter>Other</Filter>
    </ClInclude>
    <ClInclude Include="Libraries\MathGeoLib\include\Math\float4.h">
      <Filter>Other</Filter>
    </ClInclude>
    <ClInclude Include="Libraries\MathGeoLib\include\Math\float4_neon.h">
      <Filter>Other</Filter>
    </ClInclude>
    <ClInclude Include="Libraries\MathGeoLib\include\Math\float4_sse.h">
      <Filter>Other</Filter>
    </ClInclude>
    <ClInclude Include="Libraries\MathGeoLib\include\Math\float4x4.h">
      <Filter>Other</Filter>
    </ClInclude>
    <ClInclude Include="Libraries\MathGeoLib\include\Math\float4x4_neon.h">
      <Filter>Other</Filter>
    </ClInclude>
    <ClInclude Include="Libraries\MathGeoLib\include\Math\float4x4_sse.h">
      <Filter>Other</Filter>
    </ClInclude>
    <ClInclude Include="Libraries\MathGeoLib\include\Math\FloatCmp.h">
      <Filter>Other</Filter>
    </ClInclude>
    <ClInclude Include="Libraries\MathGeoLib\include\Geometry\Frustum.h">
      <Filter>Other</Filter>
    </ClInclude>
    <ClInclude Include="Libraries\Assimp\include\assimp\GenericProperty.h">
      <Filter>Other</Filter>
    </ClInclude>
    <ClInclude Include="Libraries\MathGeoLib\include\Geometry\GeometryAll.h">
      <Filter>Other</Filter>
    </ClInclude>
    <ClInclude Include="Libraries\MathGeoLib\include\Geometry\GeomType.h">
      <Filter>Other</Filter>
    </ClInclude>
    <ClInclude Include="Source\Globals.h">
      <Filter>Other</Filter>
    </ClInclude>
    <ClInclude Include="Libraries\Assimp\include\assimp\Hash.h">
      <Filter>Other</Filter>
    </ClInclude>
    <ClInclude Include="Libraries\MathGeoLib\include\Geometry\HitInfo.h">
      <Filter>Other</Filter>
    </ClInclude>
    <ClInclude Include="Libraries\IconFontsCppHeaders\IconsFontAwesome5.h">
      <Filter>Other</Filter>
    </ClInclude>
    <ClInclude Include="Libraries\IconFontsCppHeaders\IconsMaterialDesignIcons.h">
      <Filter>Other</Filter>
    </ClInclude>
    <ClInclude Include="Libraries\DevIL\include\IL\il.h">
      <Filter>Other</Filter>
    </ClInclude>
    <ClInclude Include="Libraries\DevIL\include\IL\il_wrap.h">
      <Filter>Other</Filter>
    </ClInclude>
    <ClInclude Include="Libraries\DevIL\include\IL\ilu.h">
      <Filter>Other</Filter>
    </ClInclude>
    <ClInclude Include="Libraries\DevIL\include\IL\ilu_region.h">
      <Filter>Other</Filter>
    </ClInclude>
    <ClInclude Include="Libraries\DevIL\include\IL\ilut.h">
      <Filter>Other</Filter>
    </ClInclude>
    <ClInclude Include="Libraries\DevIL\include\IL\ilut_config.h">
      <Filter>Other</Filter>
    </ClInclude>
    <ClInclude Include="Libraries\Imgui\imconfig.h">
      <Filter>Other</Filter>
    </ClInclude>
    <ClInclude Include="Libraries\Imgui\imgui.h">
      <Filter>Other</Filter>
    </ClInclude>
    <ClInclude Include="Libraries\Imgui\imgui_impl_opengl3.h">
      <Filter>Other</Filter>
    </ClInclude>
    <ClInclude Include="Libraries\Imgui\imgui_impl_sdl.h">
      <Filter>Other</Filter>
    </ClInclude>
    <ClInclude Include="Libraries\Imgui\imgui_internal.h">
      <Filter>Other</Filter>
    </ClInclude>
    <ClInclude Include="Libraries\Assimp\include\assimp\Importer.hpp">
      <Filter>Other</Filter>
    </ClInclude>
    <ClInclude Include="Libraries\Assimp\include\assimp\importerdesc.h">
      <Filter>Other</Filter>
    </ClInclude>
    <ClInclude Include="Libraries\Imgui\imstb_rectpack.h">
      <Filter>Other</Filter>
    </ClInclude>
    <ClInclude Include="Libraries\Imgui\imstb_textedit.h">
      <Filter>Other</Filter>
    </ClInclude>
    <ClInclude Include="Libraries\Imgui\imstb_truetype.h">
      <Filter>Other</Filter>
    </ClInclude>
    <ClInclude Include="Libraries\Assimp\include\assimp\IOStream.hpp">
      <Filter>Other</Filter>
    </ClInclude>
    <ClInclude Include="Libraries\Assimp\include\assimp\IOStreamBuffer.h">
      <Filter>Other</Filter>
    </ClInclude>
    <ClInclude Include="Libraries\Assimp\include\assimp\IOSystem.hpp">
      <Filter>Other</Filter>
    </ClInclude>
    <ClInclude Include="Libraries\Assimp\include\assimp\irrXMLWrapper.h">
      <Filter>Other</Filter>
    </ClInclude>
    <ClInclude Include="Libraries\MathGeoLib\include\Geometry\KDTree.h">
      <Filter>Other</Filter>
    </ClInclude>
    <ClInclude Include="Libraries\MathGeoLib\include\Algorithm\Random\LCG.h">
      <Filter>Other</Filter>
    </ClInclude>
    <ClInclude Include="Libraries\Assimp\include\assimp\light.h">
      <Filter>Other</Filter>
    </ClInclude>
    <ClInclude Include="Libraries\MathGeoLib\include\Geometry\Line.h">
      <Filter>Other</Filter>
    </ClInclude>
    <ClInclude Include="Libraries\MathGeoLib\include\Geometry\LineSegment.h">
      <Filter>Other</Filter>
    </ClInclude>
    <ClInclude Include="Libraries\Assimp\include\assimp\LineSplitter.h">
      <Filter>Other</Filter>
    </ClInclude>
    <ClInclude Include="Libraries\Assimp\include\assimp\LogAux.h">
      <Filter>Other</Filter>
    </ClInclude>
    <ClInclude Include="Libraries\Assimp\include\assimp\Logger.hpp">
      <Filter>Other</Filter>
    </ClInclude>
    <ClInclude Include="Libraries\Assimp\include\assimp\LogStream.hpp">
      <Filter>Other</Filter>
    </ClInclude>
    <ClInclude Include="Libraries\Assimp\include\assimp\Macros.h">
      <Filter>Other</Filter>
    </ClInclude>
    <ClInclude Include="Libraries\Assimp\include\assimp\material.h">
      <Filter>Other</Filter>
    </ClInclude>
    <ClInclude Include="Libraries\MathGeoLib\include\Math\MathAll.h">
      <Filter>Other</Filter>
    </ClInclude>
    <ClInclude Include="Libraries\MathGeoLib\include\MathBuildConfig.h">
      <Filter>Other</Filter>
    </ClInclude>
    <ClInclude Include="Libraries\MathGeoLib\include\Math\MathConstants.h">
      <Filter>Other</Filter>
    </ClInclude>
    <ClInclude Include="Libraries\MathGeoLib\include\Math\MathFunc.h">
      <Filter>Other</Filter>
    </ClInclude>
    <ClInclude Include="Libraries\Assimp\include\assimp\MathFunctions.h">
      <Filter>Other</Filter>
    </ClInclude>
    <ClInclude Include="Libraries\MathGeoLib\include\MathGeoLib.h">
      <Filter>Other</Filter>
    </ClInclude>
    <ClInclude Include="Libraries\MathGeoLib\include\MathGeoLibFwd.h">
      <Filter>Other</Filter>
    </ClInclude>
    <ClInclude Include="Libraries\MathGeoLib\include\Math\MathLog.h">
      <Filter>Other</Filter>
    </ClInclude>
    <ClInclude Include="Libraries\MathGeoLib\include\Math\MathNamespace.h">
      <Filter>Other</Filter>
    </ClInclude>
    <ClInclude Include="Libraries\MathGeoLib\include\Math\MathTypes.h">
      <Filter>Other</Filter>
    </ClInclude>
    <ClInclude Include="Libraries\Assimp\include\assimp\matrix3x3.h">
      <Filter>Other</Filter>
    </ClInclude>
    <ClInclude Include="Libraries\Assimp\include\assimp\matrix4x4.h">
      <Filter>Other</Filter>
    </ClInclude>
    <ClInclude Include="Libraries\MathGeoLib\include\Math\MatrixProxy.h">
      <Filter>Other</Filter>
    </ClInclude>
    <ClInclude Include="Libraries\Assimp\include\assimp\MemoryIOWrapper.h">
      <Filter>Other</Filter>
    </ClInclude>
    <ClInclude Include="Libraries\Assimp\include\assimp\mesh.h">
      <Filter>Other</Filter>
    </ClInclude>
    <ClInclude Include="Libraries\Assimp\include\assimp\metadata.h">
      <Filter>Other</Filter>
    </ClInclude>
    <ClInclude Include="Libraries\MathGeoLib\include\Math\myassert.h">
      <Filter>Other</Filter>
    </ClInclude>
    <ClInclude Include="Libraries\Assimp\include\assimp\NullLogger.hpp">
      <Filter>Other</Filter>
    </ClInclude>
    <ClInclude Include="Libraries\MathGeoLib\include\Geometry\OBB.h">
      <Filter>Other</Filter>
    </ClInclude>
    <ClInclude Include="Libraries\Util\par_shapes.h">
      <Filter>Other</Filter>
    </ClInclude>
    <ClInclude Include="Libraries\Assimp\include\assimp\ParsingUtils.h">
      <Filter>Other</Filter>
    </ClInclude>
    <ClInclude Include="Libraries\Assimp\include\assimp\pbrmaterial.h">
      <Filter>Other</Filter>
    </ClInclude>
    <ClInclude Include="Libraries\MathGeoLib\include\Geometry\PBVolume.h">
      <Filter>Other</Filter>
    </ClInclude>
    <ClInclude Include="Libraries\MathGeoLib\include\Geometry\Plane.h">
      <Filter>Other</Filter>
    </ClInclude>
    <ClInclude Include="Libraries\MathGeoLib\include\Geometry\Polygon.h">
      <Filter>Other</Filter>
    </ClInclude>
    <ClInclude Include="Libraries\MathGeoLib\include\Geometry\Polyhedron.h">
      <Filter>Other</Filter>
    </ClInclude>
    <ClInclude Include="Libraries\MathGeoLib\include\Math\Polynomial.h">
      <Filter>Other</Filter>
    </ClInclude>
    <ClInclude Include="Libraries\Assimp\include\assimp\Compiler\poppack1.h">
      <Filter>Other</Filter>
    </ClInclude>
    <ClInclude Include="Libraries\Assimp\include\assimp\postprocess.h">
      <Filter>Other</Filter>
    </ClInclude>
    <ClInclude Include="Libraries\Assimp\include\assimp\Profiler.h">
      <Filter>Other</Filter>
    </ClInclude>
    <ClInclude Include="Libraries\Assimp\include\assimp\ProgressHandler.hpp">
      <Filter>Other</Filter>
    </ClInclude>
    <ClInclude Include="Libraries\Assimp\include\assimp\Compiler\pstdint.h">
      <Filter>Other</Filter>
    </ClInclude>
    <ClInclude Include="Libraries\Assimp\include\assimp\Compiler\pushpack1.h">
      <Filter>Other</Filter>
    </ClInclude>
    <ClInclude Include="Libraries\Assimp\include\assimp\qnan.h">
      <Filter>Other</Filter>
    </ClInclude>
    <ClInclude Include="Libraries\MathGeoLib\include\Geometry\QuadTree.h">
      <Filter>Other</Filter>
    </ClInclude>
    <ClInclude Include="Libraries\MathGeoLib\include\Math\Quat.h">
      <Filter>Other</Filter>
    </ClInclude>
    <ClInclude Include="Libraries\MathGeoLib\include\Math\quat_simd.h">
      <Filter>Other</Filter>
    </ClInclude>
    <ClInclude Include="Libraries\Assimp\include\assimp\quaternion.h">
      <Filter>Other</Filter>
    </ClInclude>
    <ClInclude Include="Libraries\MathGeoLib\include\Geometry\Ray.h">
      <Filter>Other</Filter>
    </ClInclude>
    <ClInclude Include="Libraries\MathGeoLib\include\Math\Rect.h">
      <Filter>Other</Filter>
    </ClInclude>
    <ClInclude Include="Libraries\MathGeoLib\include\Math\Reinterpret.h">
      <Filter>Other</Filter>
    </ClInclude>
    <ClInclude Include="Libraries\Assimp\include\assimp\RemoveComments.h">
      <Filter>Other</Filter>
    </ClInclude>
    <ClInclude Include="Libraries\Assimp\include\assimp\scene.h">
      <Filter>Other</Filter>
    </ClInclude>
    <ClInclude Include="Libraries\Assimp\include\assimp\SceneCombiner.h">
      <Filter>Other</Filter>
    </ClInclude>
    <ClInclude Include="Libraries\Assimp\include\assimp\SGSpatialSort.h">
      <Filter>Other</Filter>
    </ClInclude>
    <ClInclude Include="Libraries\Assimp\include\assimp\SkeletonMeshBuilder.h">
      <Filter>Other</Filter>
    </ClInclude>
    <ClInclude Include="Source\Skybox.h">
      <Filter>Other</Filter>
    </ClInclude>
    <ClInclude Include="Libraries\Assimp\include\assimp\SmoothingGroups.h">
      <Filter>Other</Filter>
    </ClInclude>
    <ClInclude Include="Libraries\Assimp\include\assimp\SpatialSort.h">
      <Filter>Other</Filter>
    </ClInclude>
    <ClInclude Include="Libraries\MathGeoLib\include\Geometry\Sphere.h">
      <Filter>Other</Filter>
    </ClInclude>
    <ClInclude Include="Libraries\MathGeoLib\include\Math\sse_mathfun.h">
      <Filter>Other</Filter>
    </ClInclude>
    <ClInclude Include="Libraries\MathGeoLib\include\Math\SSEMath.h">
      <Filter>Other</Filter>
    </ClInclude>
    <ClInclude Include="Libraries\Assimp\include\assimp\StandardShapes.h">
      <Filter>Other</Filter>
    </ClInclude>
    <ClInclude Include="Libraries\Assimp\include\assimp\StreamReader.h">
      <Filter>Other</Filter>
    </ClInclude>
    <ClInclude Include="Libraries\Assimp\include\assimp\StreamWriter.h">
      <Filter>Other</Filter>
    </ClInclude>
    <ClInclude Include="Libraries\Assimp\include\assimp\StringComparison.h">
      <Filter>Other</Filter>
    </ClInclude>
    <ClInclude Include="Libraries\Assimp\include\assimp\StringUtils.h">
      <Filter>Other</Filter>
    </ClInclude>
    <ClInclude Include="Libraries\Assimp\include\assimp\Subdivision.h">
      <Filter>Other</Filter>
    </ClInclude>
    <ClInclude Include="Libraries\Assimp\include\assimp\texture.h">
      <Filter>Other</Filter>
    </ClInclude>
    <ClInclude Include="Libraries\Assimp\include\assimp\TinyFormatter.h">
      <Filter>Other</Filter>
    </ClInclude>
    <ClInclude Include="Libraries\MathGeoLib\include\Math\TransformOps.h">
      <Filter>Other</Filter>
    </ClInclude>
    <ClInclude Include="Libraries\MathGeoLib\include\Geometry\Triangle.h">
      <Filter>Other</Filter>
    </ClInclude>
    <ClInclude Include="Libraries\MathGeoLib\include\Geometry\TriangleMesh.h">
      <Filter>Other</Filter>
    </ClInclude>
    <ClInclude Include="Libraries\Assimp\include\assimp\types.h">
      <Filter>Other</Filter>
    </ClInclude>
    <ClInclude Include="Libraries\Assimp\include\assimp\vector2.h">
      <Filter>Other</Filter>
    </ClInclude>
    <ClInclude Include="Libraries\Assimp\include\assimp\vector3.h">
      <Filter>Other</Filter>
    </ClInclude>
    <ClInclude Include="Libraries\Assimp\include\assimp\version.h">
      <Filter>Other</Filter>
    </ClInclude>
    <ClInclude Include="Libraries\Assimp\include\assimp\Vertex.h">
      <Filter>Other</Filter>
    </ClInclude>
    <ClInclude Include="Libraries\Assimp\include\assimp\XMLTools.h">
      <Filter>Other</Filter>
    </ClInclude>
    <ClInclude Include="Libraries\Assimp\include\assimp\ZipArchiveIOSystem.h">
      <Filter>Other</Filter>
    </ClInclude>
    <ClInclude Include="Source\Application.h">
      <Filter>Main</Filter>
    </ClInclude>
    <ClInclude Include="Source\Component.h">
      <Filter>Main</Filter>
    </ClInclude>
    <ClInclude Include="Source\ComponentMaterial.h">
      <Filter>Main</Filter>
    </ClInclude>
    <ClInclude Include="Source\ComponentMesh.h">
      <Filter>Main</Filter>
    </ClInclude>
    <ClInclude Include="Source\ComponentTransform.h">
      <Filter>Main</Filter>
    </ClInclude>
    <ClInclude Include="Libraries\optick\optick.config.h">
      <Filter>Other</Filter>
    </ClInclude>
    <ClInclude Include="Libraries\optick\optick.h">
      <Filter>Other</Filter>
    </ClInclude>
    <ClInclude Include="Libraries\optick\optick_common.h">
      <Filter>Other</Filter>
    </ClInclude>
    <ClInclude Include="Libraries\optick\optick_core.freebsd.h">
      <Filter>Other</Filter>
    </ClInclude>
    <ClInclude Include="Libraries\optick\optick_core.h">
      <Filter>Other</Filter>
    </ClInclude>
    <ClInclude Include="Libraries\optick\optick_core.linux.h">
      <Filter>Other</Filter>
    </ClInclude>
    <ClInclude Include="Libraries\optick\optick_core.macos.h">
      <Filter>Other</Filter>
    </ClInclude>
    <ClInclude Include="Libraries\optick\optick_core.platform.h">
      <Filter>Other</Filter>
    </ClInclude>
    <ClInclude Include="Libraries\optick\optick_core.win.h">
      <Filter>Other</Filter>
    </ClInclude>
    <ClInclude Include="Libraries\optick\optick_gpu.h">
      <Filter>Other</Filter>
    </ClInclude>
    <ClInclude Include="Libraries\optick\optick_memory.h">
      <Filter>Other</Filter>
    </ClInclude>
    <ClInclude Include="Libraries\optick\optick_message.h">
      <Filter>Other</Filter>
    </ClInclude>
    <ClInclude Include="Libraries\optick\optick_miniz.h">
      <Filter>Other</Filter>
    </ClInclude>
    <ClInclude Include="Libraries\optick\optick_serialization.h">
      <Filter>Other</Filter>
    </ClInclude>
    <ClInclude Include="Libraries\optick\optick_server.h">
      <Filter>Other</Filter>
    </ClInclude>
    <ClInclude Include="Source\ModuleWindow.h">
      <Filter>Main</Filter>
    </ClInclude>
    <ClInclude Include="Source\Module.h">
      <Filter>Main</Filter>
    </ClInclude>
    <ClInclude Include="Source\ModuleCamera.h">
      <Filter>Main</Filter>
    </ClInclude>
    <ClInclude Include="Source\ModuleDebugDraw.h">
      <Filter>Main</Filter>
    </ClInclude>
    <ClInclude Include="Source\ModuleGUI.h">
      <Filter>Main</Filter>
    </ClInclude>
    <ClInclude Include="Source\ModuleInput.h">
      <Filter>Main</Filter>
    </ClInclude>
    <ClInclude Include="Source\ModuleModelLoader.h">
      <Filter>Main</Filter>
    </ClInclude>
    <ClInclude Include="Source\ModuleRender.h">
      <Filter>Main</Filter>
    </ClInclude>
    <ClInclude Include="Source\ModuleScene.h">
      <Filter>Main</Filter>
    </ClInclude>
    <ClInclude Include="Source\ModuleShader.h">
      <Filter>Main</Filter>
    </ClInclude>
    <ClInclude Include="Source\ModuleTexture.h">
      <Filter>Main</Filter>
    </ClInclude>
    <ClInclude Include="Source\Mesh.h">
      <Filter>Main</Filter>
    </ClInclude>
    <ClInclude Include="Source\Model.h">
      <Filter>Main</Filter>
    </ClInclude>
    <ClInclude Include="Source\GameObject.h">
      <Filter>Main</Filter>
    </ClInclude>
    <ClInclude Include="Libraries\pcg\pcg_basic.h">
      <Filter>Other</Filter>
    </ClInclude>
    <ClInclude Include="Libraries\rapidjson\error\en.h">
      <Filter>Other</Filter>
    </ClInclude>
    <ClInclude Include="Libraries\rapidjson\error\error.h">
      <Filter>Other</Filter>
    </ClInclude>
    <ClInclude Include="Libraries\rapidjson\internal\biginteger.h">
      <Filter>Other</Filter>
    </ClInclude>
    <ClInclude Include="Libraries\rapidjson\internal\diyfp.h">
      <Filter>Other</Filter>
    </ClInclude>
    <ClInclude Include="Libraries\rapidjson\internal\dtoa.h">
      <Filter>Other</Filter>
    </ClInclude>
    <ClInclude Include="Libraries\rapidjson\internal\ieee754.h">
      <Filter>Other</Filter>
    </ClInclude>
    <ClInclude Include="Libraries\rapidjson\internal\itoa.h">
      <Filter>Other</Filter>
    </ClInclude>
    <ClInclude Include="Libraries\rapidjson\internal\meta.h">
      <Filter>Other</Filter>
    </ClInclude>
    <ClInclude Include="Libraries\rapidjson\internal\pow10.h">
      <Filter>Other</Filter>
    </ClInclude>
    <ClInclude Include="Libraries\rapidjson\internal\regex.h">
      <Filter>Other</Filter>
    </ClInclude>
    <ClInclude Include="Libraries\rapidjson\internal\stack.h">
      <Filter>Other</Filter>
    </ClInclude>
    <ClInclude Include="Libraries\rapidjson\internal\strfunc.h">
      <Filter>Other</Filter>
    </ClInclude>
    <ClInclude Include="Libraries\rapidjson\internal\strtod.h">
      <Filter>Other</Filter>
    </ClInclude>
    <ClInclude Include="Libraries\rapidjson\internal\swap.h">
      <Filter>Other</Filter>
    </ClInclude>
    <ClInclude Include="Libraries\rapidjson\msinttypes\inttypes.h">
      <Filter>Other</Filter>
    </ClInclude>
    <ClInclude Include="Libraries\rapidjson\msinttypes\stdint.h">
      <Filter>Other</Filter>
    </ClInclude>
    <ClInclude Include="Libraries\rapidjson\allocators.h">
      <Filter>Other</Filter>
    </ClInclude>
    <ClInclude Include="Libraries\rapidjson\document.h">
      <Filter>Other</Filter>
    </ClInclude>
    <ClInclude Include="Libraries\rapidjson\encodedstream.h">
      <Filter>Other</Filter>
    </ClInclude>
    <ClInclude Include="Libraries\rapidjson\encodings.h">
      <Filter>Other</Filter>
    </ClInclude>
    <ClInclude Include="Libraries\rapidjson\filereadstream.h">
      <Filter>Other</Filter>
    </ClInclude>
    <ClInclude Include="Libraries\rapidjson\filewritestream.h">
      <Filter>Other</Filter>
    </ClInclude>
    <ClInclude Include="Libraries\rapidjson\fwd.h">
      <Filter>Other</Filter>
    </ClInclude>
    <ClInclude Include="Libraries\rapidjson\istreamwrapper.h">
      <Filter>Other</Filter>
    </ClInclude>
    <ClInclude Include="Libraries\rapidjson\memorybuffer.h">
      <Filter>Other</Filter>
    </ClInclude>
    <ClInclude Include="Libraries\rapidjson\memorystream.h">
      <Filter>Other</Filter>
    </ClInclude>
    <ClInclude Include="Libraries\rapidjson\ostreamwrapper.h">
      <Filter>Other</Filter>
    </ClInclude>
    <ClInclude Include="Libraries\rapidjson\pointer.h">
      <Filter>Other</Filter>
    </ClInclude>
    <ClInclude Include="Libraries\rapidjson\prettywriter.h">
      <Filter>Other</Filter>
    </ClInclude>
    <ClInclude Include="Libraries\rapidjson\rapidjson.h">
      <Filter>Other</Filter>
    </ClInclude>
    <ClInclude Include="Libraries\rapidjson\reader.h">
      <Filter>Other</Filter>
    </ClInclude>
    <ClInclude Include="Libraries\rapidjson\schema.h">
      <Filter>Other</Filter>
    </ClInclude>
    <ClInclude Include="Libraries\rapidjson\stream.h">
      <Filter>Other</Filter>
    </ClInclude>
    <ClInclude Include="Libraries\rapidjson\stringbuffer.h">
      <Filter>Other</Filter>
    </ClInclude>
    <ClInclude Include="Libraries\rapidjson\writer.h">
      <Filter>Other</Filter>
    </ClInclude>
  </ItemGroup>
  <ItemGroup>
    <None Include="Libraries\Assimp\include\assimp\.editorconfig">
      <Filter>Other</Filter>
    </None>
    <None Include="Libraries\Assimp\include\assimp\color4.inl">
      <Filter>Other</Filter>
    </None>
    <None Include="Libraries\DevIL\include\IL\config.h.win">
      <Filter>Other</Filter>
    </None>
    <None Include="Libraries\DevIL\include\IL\DevIL.i">
      <Filter>Other</Filter>
    </None>
    <None Include="Libraries\MathGeoLib\include\Geometry\KDTree.inl">
      <Filter>Other</Filter>
    </None>
    <None Include="Libraries\Assimp\include\assimp\material.inl">
      <Filter>Other</Filter>
    </None>
    <None Include="Libraries\MathGeoLib\include\Math\Matrix.inl">
      <Filter>Other</Filter>
    </None>
    <None Include="Libraries\Assimp\include\assimp\matrix3x3.inl">
      <Filter>Other</Filter>
    </None>
    <None Include="Libraries\Assimp\include\assimp\matrix4x4.inl">
      <Filter>Other</Filter>
    </None>
    <None Include="Libraries\MathGeoLib\include\Geometry\QuadTree.inl">
      <Filter>Other</Filter>
    </None>
    <None Include="Libraries\Assimp\include\assimp\quaternion.inl">
      <Filter>Other</Filter>
    </None>
    <None Include="Libraries\Assimp\include\assimp\SmoothingGroups.inl">
      <Filter>Other</Filter>
    </None>
    <None Include="Libraries\DevIL\include\IL\stamp-h.in">
      <Filter>Other</Filter>
    </None>
    <None Include="Libraries\MathGeoLib\include\Geometry\TriangleMesh_IntersectRay_AVX.inl">
      <Filter>Other</Filter>
    </None>
    <None Include="Libraries\MathGeoLib\include\Geometry\TriangleMesh_IntersectRay_CPP.inl">
      <Filter>Other</Filter>
    </None>
    <None Include="Libraries\MathGeoLib\include\Geometry\TriangleMesh_IntersectRay_SSE.inl">
      <Filter>Other</Filter>
    </None>
    <None Include="Libraries\Assimp\include\assimp\vector2.inl">
      <Filter>Other</Filter>
    </None>
    <None Include="Libraries\Assimp\include\assimp\vector3.inl">
      <Filter>Other</Filter>
    </None>
  </ItemGroup>
  <ItemGroup>
    <Filter Include="Other">
      <UniqueIdentifier>{80168d91-3ccb-4375-bee3-d1ea2b87fbdb}</UniqueIdentifier>
    </Filter>
    <Filter Include="Main">
      <UniqueIdentifier>{10f02be4-ecf7-40f3-8aa4-98bdf7a7066c}</UniqueIdentifier>
    </Filter>
  </ItemGroup>
</Project>